
Microsoft Visual Studio Solution File, Format Version 12.00
# Visual Studio Version 16
VisualStudioVersion = 16.0.29318.209
MinimumVisualStudioVersion = 10.0.40219.1
Project("{9A19103F-16F7-4668-BE54-9A1E7A4F7556}") = "Blazedo", "Blazedo\Blazedo.csproj", "{5B62FA82-8D70-45A2-94EF-387B6FC7464C}"
EndProject
Project("{2150E333-8FDC-42A3-9474-1A3956D46DE8}") = "Solution Items", "Solution Items", "{D25C9FE6-FDA8-4C36-B2E3-2147968B8DED}"
	ProjectSection(SolutionItems) = preProject
		.editorconfig = .editorconfig
		LICENSE = LICENSE
		README.md = README.md
	EndProjectSection
EndProject
Global
	GlobalSection(SolutionConfigurationPlatforms) = preSolution
		Debug|Any CPU = Debug|Any CPU
		Release|Any CPU = Release|Any CPU
	EndGlobalSection
	GlobalSection(ProjectConfigurationPlatforms) = postSolution
		{5B62FA82-8D70-45A2-94EF-387B6FC7464C}.Debug|Any CPU.ActiveCfg = Debug|Any CPU
		{5B62FA82-8D70-45A2-94EF-387B6FC7464C}.Debug|Any CPU.Build.0 = Debug|Any CPU
		{5B62FA82-8D70-45A2-94EF-387B6FC7464C}.Release|Any CPU.ActiveCfg = Release|Any CPU
		{5B62FA82-8D70-45A2-94EF-387B6FC7464C}.Release|Any CPU.Build.0 = Release|Any CPU
	EndGlobalSection
	GlobalSection(SolutionProperties) = preSolution
		HideSolutionNode = FALSE
	EndGlobalSection
	GlobalSection(ExtensibilityGlobals) = postSolution
		SolutionGuid = {6AE16E80-EB61-484F-AD83-100C34F6E523}
	EndGlobalSection
EndGlobal
